// !$*UTF8*$!
{
	archiveVersion = 1;
	classes = {
	};
	objectVersion = 56;
	objects = {

/* Begin PBXBuildFile section */
		A10000010000000000000001 /* PATCOScheduleApp.swift in Sources */ = {isa = PBXBuildFile; fileRef = A20000010000000000000001 /* PATCOScheduleApp.swift */; };
		A10000020000000000000002 /* ContentView.swift in Sources */ = {isa = PBXBuildFile; fileRef = A20000020000000000000002 /* ContentView.swift */; };
		A10000030000000000000003 /* Assets.xcassets in Resources */ = {isa = PBXBuildFile; fileRef = A20000030000000000000003 /* Assets.xcassets */; };
		A10000040000000000000004 /* GTFSModels.swift in Sources */ = {isa = PBXBuildFile; fileRef = A20000040000000000000004 /* GTFSModels.swift */; };
		A10000050000000000000005 /* GTFSParser.swift in Sources */ = {isa = PBXBuildFile; fileRef = A20000050000000000000005 /* GTFSParser.swift */; };
		A10000060000000000000006 /* ScheduleService.swift in Sources */ = {isa = PBXBuildFile; fileRef = A20000060000000000000006 /* ScheduleService.swift */; };
		A10000070000000000000007 /* StationListView.swift in Sources */ = {isa = PBXBuildFile; fileRef = A20000070000000000000007 /* StationListView.swift */; };
		A10000080000000000000008 /* NextTrainView.swift in Sources */ = {isa = PBXBuildFile; fileRef = A20000080000000000000008 /* NextTrainView.swift */; };
		A10000090000000000000009 /* StationDetailView.swift in Sources */ = {isa = PBXBuildFile; fileRef = A20000090000000000000009 /* StationDetailView.swift */; };
		A10000100000000000000010 /* TrainRowView.swift in Sources */ = {isa = PBXBuildFile; fileRef = A20000100000000000000010 /* TrainRowView.swift */; };
		A10000110000000000000011 /* BundledScheduleData.swift in Sources */ = {isa = PBXBuildFile; fileRef = A20000110000000000000011 /* BundledScheduleData.swift */; };
		A10000130000000000000013 /* PrivacyInfo.xcprivacy in Resources */ = {isa = PBXBuildFile; fileRef = A20000130000000000000013 /* PrivacyInfo.xcprivacy */; };
		A10000140000000000000014 /* PDFScheduleParser.swift in Sources */ = {isa = PBXBuildFile; fileRef = A20000140000000000000014 /* PDFScheduleParser.swift */; };
		A10000150000000000000015 /* DataSourceManager.swift in Sources */ = {isa = PBXBuildFile; fileRef = A20000150000000000000015 /* DataSourceManager.swift */; };
		A10000160000000000000016 /* NetworkMonitor.swift in Sources */ = {isa = PBXBuildFile; fileRef = A20000160000000000000016 /* NetworkMonitor.swift */; };
		A10000170000000000000017 /* PATCOActivityAttributes.swift in Sources */ = {isa = PBXBuildFile; fileRef = A20000170000000000000017 /* PATCOActivityAttributes.swift */; };
		A10000180000000000000018 /* LiveActivityManager.swift in Sources */ = {isa = PBXBuildFile; fileRef = A20000180000000000000018 /* LiveActivityManager.swift */; };
		B10000010000000000000001 /* GTFSModelsTests.swift in Sources */ = {isa = PBXBuildFile; fileRef = B20000010000000000000001 /* GTFSModelsTests.swift */; };
		B10000020000000000000002 /* BundledScheduleDataTests.swift in Sources */ = {isa = PBXBuildFile; fileRef = B20000020000000000000002 /* BundledScheduleDataTests.swift */; };
		B10000030000000000000003 /* ScheduleServiceTests.swift in Sources */ = {isa = PBXBuildFile; fileRef = B20000030000000000000003 /* ScheduleServiceTests.swift */; };
		B10000040000000000000004 /* IntegrationTests.swift in Sources */ = {isa = PBXBuildFile; fileRef = B20000040000000000000004 /* IntegrationTests.swift */; };
		B10000050000000000000005 /* LiveActivityTests.swift in Sources */ = {isa = PBXBuildFile; fileRef = B20000050000000000000005 /* LiveActivityTests.swift */; };
		B10000060000000000000006 /* SnapshotTests.swift in Sources */ = {isa = PBXBuildFile; fileRef = B20000060000000000000006 /* SnapshotTests.swift */; };
		D30000010000000000000001 /* SnapshotTesting in Frameworks */ = {isa = PBXBuildFile; productRef = D20000010000000000000001 /* SnapshotTesting */; };
		C10000010000000000000001 /* WidgetKit.framework in Frameworks */ = {isa = PBXBuildFile; fileRef = C20000050000000000000005 /* WidgetKit.framework */; };
		C10000020000000000000002 /* SwiftUI.framework in Frameworks */ = {isa = PBXBuildFile; fileRef = C20000060000000000000006 /* SwiftUI.framework */; };
		C10000030000000000000003 /* PATCOWidgetsBundle.swift in Sources */ = {isa = PBXBuildFile; fileRef = C20000010000000000000001 /* PATCOWidgetsBundle.swift */; };
		C10000040000000000000004 /* PATCOLiveActivity.swift in Sources */ = {isa = PBXBuildFile; fileRef = C20000020000000000000002 /* PATCOLiveActivity.swift */; };
		C10000050000000000000005 /* Assets.xcassets in Resources */ = {isa = PBXBuildFile; fileRef = C20000040000000000000004 /* Assets.xcassets */; };
		C10000060000000000000006 /* PATCOWidgets.appex in Embed Foundation Extensions */ = {isa = PBXBuildFile; fileRef = C30000010000000000000001 /* PATCOWidgets.appex */; settings = {ATTRIBUTES = (RemoveHeadersOnCopy, ); }; };
		C10000070000000000000007 /* PATCOActivityAttributes.swift in Sources */ = {isa = PBXBuildFile; fileRef = A20000170000000000000017 /* PATCOActivityAttributes.swift */; };
/* End PBXBuildFile section */

/* Begin PBXContainerItemProxy section */
		B40000010000000000000001 /* PBXContainerItemProxy */ = {
			isa = PBXContainerItemProxy;
			containerPortal = A80000010000000000000001 /* Project object */;
			proxyType = 1;
			remoteGlobalIDString = A60000010000000000000001;
			remoteInfo = PATCOSchedule;
		};
		C40000010000000000000001 /* PBXContainerItemProxy */ = {
			isa = PBXContainerItemProxy;
			containerPortal = A80000010000000000000001 /* Project object */;
			proxyType = 1;
			remoteGlobalIDString = C60000010000000000000001;
			remoteInfo = PATCOWidgetsExtension;
		};
/* End PBXContainerItemProxy section */

/* Begin PBXCopyFilesBuildPhase section */
		C50000010000000000000001 /* Embed Foundation Extensions */ = {
			isa = PBXCopyFilesBuildPhase;
			buildActionMask = 2147483647;
			dstPath = "";
			dstSubfolderSpec = 13;
			files = (
				C10000060000000000000006 /* PATCOWidgets.appex in Embed Foundation Extensions */,
			);
			name = "Embed Foundation Extensions";
			runOnlyForDeploymentPostprocessing = 0;
		};
/* End PBXCopyFilesBuildPhase section */

/* Begin PBXFileReference section */
		A30000010000000000000001 /* PATCOSchedule.app */ = {isa = PBXFileReference; explicitFileType = wrapper.application; includeInIndex = 0; path = PATCOSchedule.app; sourceTree = BUILT_PRODUCTS_DIR; };
		A20000010000000000000001 /* PATCOScheduleApp.swift */ = {isa = PBXFileReference; lastKnownFileType = sourcecode.swift; path = PATCOScheduleApp.swift; sourceTree = "<group>"; };
		A20000020000000000000002 /* ContentView.swift */ = {isa = PBXFileReference; lastKnownFileType = sourcecode.swift; path = ContentView.swift; sourceTree = "<group>"; };
		A20000030000000000000003 /* Assets.xcassets */ = {isa = PBXFileReference; lastKnownFileType = folder.assetcatalog; path = Assets.xcassets; sourceTree = "<group>"; };
		A20000040000000000000004 /* GTFSModels.swift */ = {isa = PBXFileReference; lastKnownFileType = sourcecode.swift; path = GTFSModels.swift; sourceTree = "<group>"; };
		A20000050000000000000005 /* GTFSParser.swift */ = {isa = PBXFileReference; lastKnownFileType = sourcecode.swift; path = GTFSParser.swift; sourceTree = "<group>"; };
		A20000060000000000000006 /* ScheduleService.swift */ = {isa = PBXFileReference; lastKnownFileType = sourcecode.swift; path = ScheduleService.swift; sourceTree = "<group>"; };
		A20000070000000000000007 /* StationListView.swift */ = {isa = PBXFileReference; lastKnownFileType = sourcecode.swift; path = StationListView.swift; sourceTree = "<group>"; };
		A20000080000000000000008 /* NextTrainView.swift */ = {isa = PBXFileReference; lastKnownFileType = sourcecode.swift; path = NextTrainView.swift; sourceTree = "<group>"; };
		A20000090000000000000009 /* StationDetailView.swift */ = {isa = PBXFileReference; lastKnownFileType = sourcecode.swift; path = StationDetailView.swift; sourceTree = "<group>"; };
		A20000100000000000000010 /* TrainRowView.swift */ = {isa = PBXFileReference; lastKnownFileType = sourcecode.swift; path = TrainRowView.swift; sourceTree = "<group>"; };
		A20000110000000000000011 /* BundledScheduleData.swift */ = {isa = PBXFileReference; lastKnownFileType = sourcecode.swift; path = BundledScheduleData.swift; sourceTree = "<group>"; };
		A20000120000000000000012 /* Info.plist */ = {isa = PBXFileReference; lastKnownFileType = text.plist.xml; path = Info.plist; sourceTree = "<group>"; };
		A20000130000000000000013 /* PrivacyInfo.xcprivacy */ = {isa = PBXFileReference; lastKnownFileType = text.xml; path = PrivacyInfo.xcprivacy; sourceTree = "<group>"; };
		A20000140000000000000014 /* PDFScheduleParser.swift */ = {isa = PBXFileReference; lastKnownFileType = sourcecode.swift; path = PDFScheduleParser.swift; sourceTree = "<group>"; };
		A20000150000000000000015 /* DataSourceManager.swift */ = {isa = PBXFileReference; lastKnownFileType = sourcecode.swift; path = DataSourceManager.swift; sourceTree = "<group>"; };
		A20000160000000000000016 /* NetworkMonitor.swift */ = {isa = PBXFileReference; lastKnownFileType = sourcecode.swift; path = NetworkMonitor.swift; sourceTree = "<group>"; };
		A20000170000000000000017 /* PATCOActivityAttributes.swift */ = {isa = PBXFileReference; lastKnownFileType = sourcecode.swift; path = PATCOActivityAttributes.swift; sourceTree = "<group>"; };
		A20000180000000000000018 /* LiveActivityManager.swift */ = {isa = PBXFileReference; lastKnownFileType = sourcecode.swift; path = LiveActivityManager.swift; sourceTree = "<group>"; };
		B30000010000000000000001 /* PATCOScheduleTests.xctest */ = {isa = PBXFileReference; explicitFileType = wrapper.cfbundle; includeInIndex = 0; path = PATCOScheduleTests.xctest; sourceTree = BUILT_PRODUCTS_DIR; };
		B20000010000000000000001 /* GTFSModelsTests.swift */ = {isa = PBXFileReference; lastKnownFileType = sourcecode.swift; path = GTFSModelsTests.swift; sourceTree = "<group>"; };
		B20000020000000000000002 /* BundledScheduleDataTests.swift */ = {isa = PBXFileReference; lastKnownFileType = sourcecode.swift; path = BundledScheduleDataTests.swift; sourceTree = "<group>"; };
		B20000030000000000000003 /* ScheduleServiceTests.swift */ = {isa = PBXFileReference; lastKnownFileType = sourcecode.swift; path = ScheduleServiceTests.swift; sourceTree = "<group>"; };
		B20000040000000000000004 /* IntegrationTests.swift */ = {isa = PBXFileReference; lastKnownFileType = sourcecode.swift; path = IntegrationTests.swift; sourceTree = "<group>"; };
		B20000050000000000000005 /* LiveActivityTests.swift */ = {isa = PBXFileReference; lastKnownFileType = sourcecode.swift; path = LiveActivityTests.swift; sourceTree = "<group>"; };
		B20000060000000000000006 /* SnapshotTests.swift */ = {isa = PBXFileReference; lastKnownFileType = sourcecode.swift; path = SnapshotTests.swift; sourceTree = "<group>"; };
		C30000010000000000000001 /* PATCOWidgets.appex */ = {isa = PBXFileReference; explicitFileType = "wrapper.app-extension"; includeInIndex = 0; path = PATCOWidgets.appex; sourceTree = BUILT_PRODUCTS_DIR; };
		C20000010000000000000001 /* PATCOWidgetsBundle.swift */ = {isa = PBXFileReference; lastKnownFileType = sourcecode.swift; path = PATCOWidgetsBundle.swift; sourceTree = "<group>"; };
		C20000020000000000000002 /* PATCOLiveActivity.swift */ = {isa = PBXFileReference; lastKnownFileType = sourcecode.swift; path = PATCOLiveActivity.swift; sourceTree = "<group>"; };
		C20000030000000000000003 /* Info.plist */ = {isa = PBXFileReference; lastKnownFileType = text.plist.xml; path = Info.plist; sourceTree = "<group>"; };
		C20000040000000000000004 /* Assets.xcassets */ = {isa = PBXFileReference; lastKnownFileType = folder.assetcatalog; path = Assets.xcassets; sourceTree = "<group>"; };
		C20000050000000000000005 /* WidgetKit.framework */ = {isa = PBXFileReference; lastKnownFileType = wrapper.framework; name = WidgetKit.framework; path = System/Library/Frameworks/WidgetKit.framework; sourceTree = SDKROOT; };
		C20000060000000000000006 /* SwiftUI.framework */ = {isa = PBXFileReference; lastKnownFileType = wrapper.framework; name = SwiftUI.framework; path = System/Library/Frameworks/SwiftUI.framework; sourceTree = SDKROOT; };
/* End PBXFileReference section */

/* Begin PBXFrameworksBuildPhase section */
		A40000010000000000000001 /* Frameworks */ = {
			isa = PBXFrameworksBuildPhase;
			buildActionMask = 2147483647;
			files = (
			);
			runOnlyForDeploymentPostprocessing = 0;
		};
		B40000020000000000000002 /* Frameworks */ = {
			isa = PBXFrameworksBuildPhase;
			buildActionMask = 2147483647;
			files = (
				D30000010000000000000001 /* SnapshotTesting in Frameworks */,
			);
			runOnlyForDeploymentPostprocessing = 0;
		};
		C40000020000000000000002 /* Frameworks */ = {
			isa = PBXFrameworksBuildPhase;
			buildActionMask = 2147483647;
			files = (
				C10000020000000000000002 /* SwiftUI.framework in Frameworks */,
				C10000010000000000000001 /* WidgetKit.framework in Frameworks */,
			);
			runOnlyForDeploymentPostprocessing = 0;
		};
/* End PBXFrameworksBuildPhase section */

/* Begin PBXGroup section */
		A50000010000000000000001 = {
			isa = PBXGroup;
			children = (
				A50000020000000000000002 /* PATCOSchedule */,
				C50000020000000000000002 /* PATCOWidgets */,
				B50000010000000000000001 /* PATCOScheduleTests */,
				C50000030000000000000003 /* Frameworks */,
				A50000030000000000000003 /* Products */,
			);
			sourceTree = "<group>";
		};
		A50000020000000000000002 /* PATCOSchedule */ = {
			isa = PBXGroup;
			children = (
				A20000010000000000000001 /* PATCOScheduleApp.swift */,
				A20000020000000000000002 /* ContentView.swift */,
				A50000040000000000000004 /* Models */,
				A50000050000000000000005 /* Views */,
				A50000060000000000000006 /* Services */,
				A20000030000000000000003 /* Assets.xcassets */,
				A20000120000000000000012 /* Info.plist */,
				A20000130000000000000013 /* PrivacyInfo.xcprivacy */,
			);
			path = PATCOSchedule;
			sourceTree = "<group>";
		};
		A50000030000000000000003 /* Products */ = {
			isa = PBXGroup;
			children = (
				A30000010000000000000001 /* PATCOSchedule.app */,
				B30000010000000000000001 /* PATCOScheduleTests.xctest */,
				C30000010000000000000001 /* PATCOWidgets.appex */,
			);
			name = Products;
			sourceTree = "<group>";
		};
		A50000040000000000000004 /* Models */ = {
			isa = PBXGroup;
			children = (
				A20000040000000000000004 /* GTFSModels.swift */,
				A20000170000000000000017 /* PATCOActivityAttributes.swift */,
			);
			path = Models;
			sourceTree = "<group>";
		};
		A50000050000000000000005 /* Views */ = {
			isa = PBXGroup;
			children = (
				A20000070000000000000007 /* StationListView.swift */,
				A20000080000000000000008 /* NextTrainView.swift */,
				A20000090000000000000009 /* StationDetailView.swift */,
				A20000100000000000000010 /* TrainRowView.swift */,
			);
			path = Views;
			sourceTree = "<group>";
		};
		A50000060000000000000006 /* Services */ = {
			isa = PBXGroup;
			children = (
				A20000050000000000000005 /* GTFSParser.swift */,
				A20000060000000000000006 /* ScheduleService.swift */,
				A20000110000000000000011 /* BundledScheduleData.swift */,
				A20000140000000000000014 /* PDFScheduleParser.swift */,
				A20000150000000000000015 /* DataSourceManager.swift */,
				A20000160000000000000016 /* NetworkMonitor.swift */,
				A20000180000000000000018 /* LiveActivityManager.swift */,
			);
			path = Services;
			sourceTree = "<group>";
		};
		B50000010000000000000001 /* PATCOScheduleTests */ = {
			isa = PBXGroup;
			children = (
				B20000010000000000000001 /* GTFSModelsTests.swift */,
				B20000020000000000000002 /* BundledScheduleDataTests.swift */,
				B20000030000000000000003 /* ScheduleServiceTests.swift */,
				B20000040000000000000004 /* IntegrationTests.swift */,
				B20000050000000000000005 /* LiveActivityTests.swift */,
				B20000060000000000000006 /* SnapshotTests.swift */,
			);
			path = PATCOScheduleTests;
			sourceTree = "<group>";
		};
		C50000020000000000000002 /* PATCOWidgets */ = {
			isa = PBXGroup;
			children = (
				C20000010000000000000001 /* PATCOWidgetsBundle.swift */,
				C20000020000000000000002 /* PATCOLiveActivity.swift */,
				C20000040000000000000004 /* Assets.xcassets */,
				C20000030000000000000003 /* Info.plist */,
			);
			path = PATCOWidgets;
			sourceTree = "<group>";
		};
		C50000030000000000000003 /* Frameworks */ = {
			isa = PBXGroup;
			children = (
				C20000050000000000000005 /* WidgetKit.framework */,
				C20000060000000000000006 /* SwiftUI.framework */,
			);
			name = Frameworks;
			sourceTree = "<group>";
		};
/* End PBXGroup section */

/* Begin PBXNativeTarget section */
		A60000010000000000000001 /* PATCOSchedule */ = {
			isa = PBXNativeTarget;
			buildConfigurationList = A70000010000000000000001 /* Build configuration list for PBXNativeTarget "PATCOSchedule" */;
			buildPhases = (
				A60000020000000000000002 /* Sources */,
				A40000010000000000000001 /* Frameworks */,
				A60000030000000000000003 /* Resources */,
				C50000010000000000000001 /* Embed Foundation Extensions */,
			);
			buildRules = (
			);
			dependencies = (
				C60000020000000000000002 /* PBXTargetDependency */,
			);
			name = PATCOSchedule;
			productName = PATCOSchedule;
			productReference = A30000010000000000000001 /* PATCOSchedule.app */;
			productType = "com.apple.product-type.application";
		};
		B60000010000000000000001 /* PATCOScheduleTests */ = {
			isa = PBXNativeTarget;
			buildConfigurationList = B70000010000000000000001 /* Build configuration list for PBXNativeTarget "PATCOScheduleTests" */;
			buildPhases = (
				B60000020000000000000002 /* Sources */,
				B40000020000000000000002 /* Frameworks */,
				B60000030000000000000003 /* Resources */,
			);
			buildRules = (
			);
			dependencies = (
				B60000040000000000000004 /* PBXTargetDependency */,
			);
			packageProductDependencies = (
				D20000010000000000000001 /* SnapshotTesting */,
			);
			name = PATCOScheduleTests;
			productName = PATCOScheduleTests;
			productReference = B30000010000000000000001 /* PATCOScheduleTests.xctest */;
			productType = "com.apple.product-type.bundle.unit-test";
		};
		C60000010000000000000001 /* PATCOWidgetsExtension */ = {
			isa = PBXNativeTarget;
			buildConfigurationList = C70000010000000000000001 /* Build configuration list for PBXNativeTarget "PATCOWidgetsExtension" */;
			buildPhases = (
				C60000030000000000000003 /* Sources */,
				C40000020000000000000002 /* Frameworks */,
				C60000040000000000000004 /* Resources */,
			);
			buildRules = (
			);
			dependencies = (
			);
			name = PATCOWidgetsExtension;
			productName = PATCOWidgets;
			productReference = C30000010000000000000001 /* PATCOWidgets.appex */;
			productType = "com.apple.product-type.app-extension";
		};
/* End PBXNativeTarget section */

/* Begin PBXProject section */
		A80000010000000000000001 /* Project object */ = {
			isa = PBXProject;
			attributes = {
				BuildIndependentTargetsInParallel = 1;
				LastSwiftUpdateCheck = 1500;
				LastUpgradeCheck = 1500;
				TargetAttributes = {
					A60000010000000000000001 = {
						CreatedOnToolsVersion = 15.0;
					};
					B60000010000000000000001 = {
						CreatedOnToolsVersion = 15.0;
						TestTargetID = A60000010000000000000001;
					};
					C60000010000000000000001 = {
						CreatedOnToolsVersion = 15.0;
					};
				};
			};
			buildConfigurationList = A70000020000000000000002 /* Build configuration list for PBXProject "PATCOSchedule" */;
			compatibilityVersion = "Xcode 14.0";
			developmentRegion = en;
			hasScannedForEncodings = 0;
			knownRegions = (
				en,
				Base,
			);
			mainGroup = A50000010000000000000001;
			productRefGroup = A50000030000000000000003 /* Products */;
			projectDirPath = "";
			projectRoot = "";
			targets = (
				A60000010000000000000001 /* PATCOSchedule */,
				B60000010000000000000001 /* PATCOScheduleTests */,
				C60000010000000000000001 /* PATCOWidgetsExtension */,
			);
			packageReferences = (
				D10000010000000000000001 /* XCRemoteSwiftPackageReference "swift-snapshot-testing" */,
			);
		};
/* End PBXProject section */

/* Begin PBXResourcesBuildPhase section */
		A60000030000000000000003 /* Resources */ = {
			isa = PBXResourcesBuildPhase;
			buildActionMask = 2147483647;
			files = (
				A10000030000000000000003 /* Assets.xcassets in Resources */,
				A10000130000000000000013 /* PrivacyInfo.xcprivacy in Resources */,
			);
			runOnlyForDeploymentPostprocessing = 0;
		};
		B60000030000000000000003 /* Resources */ = {
			isa = PBXResourcesBuildPhase;
			buildActionMask = 2147483647;
			files = (
			);
			runOnlyForDeploymentPostprocessing = 0;
		};
		C60000040000000000000004 /* Resources */ = {
			isa = PBXResourcesBuildPhase;
			buildActionMask = 2147483647;
			files = (
				C10000050000000000000005 /* Assets.xcassets in Resources */,
			);
			runOnlyForDeploymentPostprocessing = 0;
		};
/* End PBXResourcesBuildPhase section */

/* Begin PBXSourcesBuildPhase section */
		A60000020000000000000002 /* Sources */ = {
			isa = PBXSourcesBuildPhase;
			buildActionMask = 2147483647;
			files = (
				A10000010000000000000001 /* PATCOScheduleApp.swift in Sources */,
				A10000020000000000000002 /* ContentView.swift in Sources */,
				A10000040000000000000004 /* GTFSModels.swift in Sources */,
				A10000050000000000000005 /* GTFSParser.swift in Sources */,
				A10000060000000000000006 /* ScheduleService.swift in Sources */,
				A10000070000000000000007 /* StationListView.swift in Sources */,
				A10000080000000000000008 /* NextTrainView.swift in Sources */,
				A10000090000000000000009 /* StationDetailView.swift in Sources */,
				A10000100000000000000010 /* TrainRowView.swift in Sources */,
				A10000110000000000000011 /* BundledScheduleData.swift in Sources */,
				A10000140000000000000014 /* PDFScheduleParser.swift in Sources */,
				A10000150000000000000015 /* DataSourceManager.swift in Sources */,
				A10000160000000000000016 /* NetworkMonitor.swift in Sources */,
				A10000170000000000000017 /* PATCOActivityAttributes.swift in Sources */,
				A10000180000000000000018 /* LiveActivityManager.swift in Sources */,
			);
			runOnlyForDeploymentPostprocessing = 0;
		};
		B60000020000000000000002 /* Sources */ = {
			isa = PBXSourcesBuildPhase;
			buildActionMask = 2147483647;
			files = (
				B10000010000000000000001 /* GTFSModelsTests.swift in Sources */,
				B10000020000000000000002 /* BundledScheduleDataTests.swift in Sources */,
				B10000030000000000000003 /* ScheduleServiceTests.swift in Sources */,
				B10000040000000000000004 /* IntegrationTests.swift in Sources */,
				B10000050000000000000005 /* LiveActivityTests.swift in Sources */,
				B10000060000000000000006 /* SnapshotTests.swift in Sources */,
			);
			runOnlyForDeploymentPostprocessing = 0;
		};
		C60000030000000000000003 /* Sources */ = {
			isa = PBXSourcesBuildPhase;
			buildActionMask = 2147483647;
			files = (
				C10000030000000000000003 /* PATCOWidgetsBundle.swift in Sources */,
				C10000040000000000000004 /* PATCOLiveActivity.swift in Sources */,
				C10000070000000000000007 /* PATCOActivityAttributes.swift in Sources */,
			);
			runOnlyForDeploymentPostprocessing = 0;
		};
/* End PBXSourcesBuildPhase section */

/* Begin PBXTargetDependency section */
		B60000040000000000000004 /* PBXTargetDependency */ = {
			isa = PBXTargetDependency;
			target = A60000010000000000000001 /* PATCOSchedule */;
			targetProxy = B40000010000000000000001 /* PBXContainerItemProxy */;
		};
		C60000020000000000000002 /* PBXTargetDependency */ = {
			isa = PBXTargetDependency;
			target = C60000010000000000000001 /* PATCOWidgetsExtension */;
			targetProxy = C40000010000000000000001 /* PBXContainerItemProxy */;
		};
/* End PBXTargetDependency section */

/* Begin XCBuildConfiguration section */
		A90000010000000000000001 /* Debug */ = {
			isa = XCBuildConfiguration;
			buildSettings = {
				ALWAYS_SEARCH_USER_PATHS = NO;
				ASSETCATALOG_COMPILER_GENERATE_SWIFT_ASSET_SYMBOL_EXTENSIONS = YES;
				CLANG_ANALYZER_NONNULL = YES;
				CLANG_ANALYZER_NUMBER_OBJECT_CONVERSION = YES_AGGRESSIVE;
				CLANG_CXX_LANGUAGE_STANDARD = "gnu++20";
				CLANG_ENABLE_MODULES = YES;
				CLANG_ENABLE_OBJC_ARC = YES;
				CLANG_ENABLE_OBJC_WEAK = YES;
				CLANG_WARN_BLOCK_CAPTURE_AUTORELEASING = YES;
				CLANG_WARN_BOOL_CONVERSION = YES;
				CLANG_WARN_COMMA = YES;
				CLANG_WARN_CONSTANT_CONVERSION = YES;
				CLANG_WARN_DEPRECATED_OBJC_IMPLEMENTATIONS = YES;
				CLANG_WARN_DIRECT_OBJC_ISA_USAGE = YES_ERROR;
				CLANG_WARN_DOCUMENTATION_COMMENTS = YES;
				CLANG_WARN_EMPTY_BODY = YES;
				CLANG_WARN_ENUM_CONVERSION = YES;
				CLANG_WARN_INFINITE_RECURSION = YES;
				CLANG_WARN_INT_CONVERSION = YES;
				CLANG_WARN_NON_LITERAL_NULL_CONVERSION = YES;
				CLANG_WARN_OBJC_IMPLICIT_RETAIN_SELF = YES;
				CLANG_WARN_OBJC_LITERAL_CONVERSION = YES;
				CLANG_WARN_OBJC_ROOT_CLASS = YES_ERROR;
				CLANG_WARN_QUOTED_INCLUDE_IN_FRAMEWORK_HEADER = YES;
				CLANG_WARN_RANGE_LOOP_ANALYSIS = YES;
				CLANG_WARN_STRICT_PROTOTYPES = YES;
				CLANG_WARN_SUSPICIOUS_MOVE = YES;
				CLANG_WARN_UNGUARDED_AVAILABILITY = YES_AGGRESSIVE;
				CLANG_WARN_UNREACHABLE_CODE = YES;
				CLANG_WARN__DUPLICATE_METHOD_MATCH = YES;
				COPY_PHASE_STRIP = NO;
				DEBUG_INFORMATION_FORMAT = dwarf;
				ENABLE_STRICT_OBJC_MSGSEND = YES;
				ENABLE_TESTABILITY = YES;
				ENABLE_USER_SCRIPT_SANDBOXING = YES;
				GCC_C_LANGUAGE_STANDARD = gnu17;
				GCC_DYNAMIC_NO_PIC = NO;
				GCC_NO_COMMON_BLOCKS = YES;
				GCC_OPTIMIZATION_LEVEL = 0;
				GCC_PREPROCESSOR_DEFINITIONS = (
					"DEBUG=1",
					"$(inherited)",
				);
				GCC_WARN_64_TO_32_BIT_CONVERSION = YES;
				GCC_WARN_ABOUT_RETURN_TYPE = YES_ERROR;
				GCC_WARN_UNDECLARED_SELECTOR = YES;
				GCC_WARN_UNINITIALIZED_AUTOS = YES_AGGRESSIVE;
				GCC_WARN_UNUSED_FUNCTION = YES;
				GCC_WARN_UNUSED_VARIABLE = YES;
				IPHONEOS_DEPLOYMENT_TARGET = 17.0;
				LOCALIZATION_PREFERS_STRING_CATALOGS = YES;
				MTL_ENABLE_DEBUG_INFO = INCLUDE_SOURCE;
				MTL_FAST_MATH = YES;
				ONLY_ACTIVE_ARCH = YES;
				SDKROOT = iphoneos;
				SWIFT_ACTIVE_COMPILATION_CONDITIONS = "DEBUG $(inherited)";
				SWIFT_OPTIMIZATION_LEVEL = "-Onone";
			};
			name = Debug;
		};
		A90000020000000000000002 /* Release */ = {
			isa = XCBuildConfiguration;
			buildSettings = {
				ALWAYS_SEARCH_USER_PATHS = NO;
				ASSETCATALOG_COMPILER_GENERATE_SWIFT_ASSET_SYMBOL_EXTENSIONS = YES;
				CLANG_ANALYZER_NONNULL = YES;
				CLANG_ANALYZER_NUMBER_OBJECT_CONVERSION = YES_AGGRESSIVE;
				CLANG_CXX_LANGUAGE_STANDARD = "gnu++20";
				CLANG_ENABLE_MODULES = YES;
				CLANG_ENABLE_OBJC_ARC = YES;
				CLANG_ENABLE_OBJC_WEAK = YES;
				CLANG_WARN_BLOCK_CAPTURE_AUTORELEASING = YES;
				CLANG_WARN_BOOL_CONVERSION = YES;
				CLANG_WARN_COMMA = YES;
				CLANG_WARN_CONSTANT_CONVERSION = YES;
				CLANG_WARN_DEPRECATED_OBJC_IMPLEMENTATIONS = YES;
				CLANG_WARN_DIRECT_OBJC_ISA_USAGE = YES_ERROR;
				CLANG_WARN_DOCUMENTATION_COMMENTS = YES;
				CLANG_WARN_EMPTY_BODY = YES;
				CLANG_WARN_ENUM_CONVERSION = YES;
				CLANG_WARN_INFINITE_RECURSION = YES;
				CLANG_WARN_INT_CONVERSION = YES;
				CLANG_WARN_NON_LITERAL_NULL_CONVERSION = YES;
				CLANG_WARN_OBJC_IMPLICIT_RETAIN_SELF = YES;
				CLANG_WARN_OBJC_LITERAL_CONVERSION = YES;
				CLANG_WARN_OBJC_ROOT_CLASS = YES_ERROR;
				CLANG_WARN_QUOTED_INCLUDE_IN_FRAMEWORK_HEADER = YES;
				CLANG_WARN_RANGE_LOOP_ANALYSIS = YES;
				CLANG_WARN_STRICT_PROTOTYPES = YES;
				CLANG_WARN_SUSPICIOUS_MOVE = YES;
				CLANG_WARN_UNGUARDED_AVAILABILITY = YES_AGGRESSIVE;
				CLANG_WARN_UNREACHABLE_CODE = YES;
				CLANG_WARN__DUPLICATE_METHOD_MATCH = YES;
				COPY_PHASE_STRIP = NO;
				DEBUG_INFORMATION_FORMAT = "dwarf-with-dsym";
				ENABLE_NS_ASSERTIONS = NO;
				ENABLE_STRICT_OBJC_MSGSEND = YES;
				ENABLE_USER_SCRIPT_SANDBOXING = YES;
				GCC_C_LANGUAGE_STANDARD = gnu17;
				GCC_NO_COMMON_BLOCKS = YES;
				GCC_WARN_64_TO_32_BIT_CONVERSION = YES;
				GCC_WARN_ABOUT_RETURN_TYPE = YES_ERROR;
				GCC_WARN_UNDECLARED_SELECTOR = YES;
				GCC_WARN_UNINITIALIZED_AUTOS = YES_AGGRESSIVE;
				GCC_WARN_UNUSED_FUNCTION = YES;
				GCC_WARN_UNUSED_VARIABLE = YES;
				IPHONEOS_DEPLOYMENT_TARGET = 17.0;
				LOCALIZATION_PREFERS_STRING_CATALOGS = YES;
				MTL_ENABLE_DEBUG_INFO = NO;
				MTL_FAST_MATH = YES;
				SDKROOT = iphoneos;
				SWIFT_COMPILATION_MODE = wholemodule;
				VALIDATE_PRODUCT = YES;
			};
			name = Release;
		};
		A90000030000000000000003 /* Debug */ = {
			isa = XCBuildConfiguration;
			buildSettings = {
				ALWAYS_EMBED_SWIFT_STANDARD_LIBRARIES = YES;
				ASSETCATALOG_COMPILER_APPICON_NAME = AppIcon;
				ASSETCATALOG_COMPILER_GLOBAL_ACCENT_COLOR_NAME = AccentColor;
				CODE_SIGN_STYLE = Automatic;
				CURRENT_PROJECT_VERSION = 1;
				DEVELOPMENT_ASSET_PATHS = "\"PATCOSchedule/Preview Content\"";
				ENABLE_PREVIEWS = YES;
				GENERATE_INFOPLIST_FILE = NO;
				INFOPLIST_FILE = PATCOSchedule/Info.plist;
				LD_RUNPATH_SEARCH_PATHS = (
					"$(inherited)",
					"@executable_path/Frameworks",
				);
				MARKETING_VERSION = 1.0;
				PRODUCT_BUNDLE_IDENTIFIER = com.patco.schedule;
				PRODUCT_NAME = "$(TARGET_NAME)";
				SWIFT_EMIT_LOC_STRINGS = YES;
				SWIFT_VERSION = 5.0;
				TARGETED_DEVICE_FAMILY = "1,2";
			};
			name = Debug;
		};
		A90000040000000000000004 /* Release */ = {
			isa = XCBuildConfiguration;
			buildSettings = {
				ALWAYS_EMBED_SWIFT_STANDARD_LIBRARIES = YES;
				ASSETCATALOG_COMPILER_APPICON_NAME = AppIcon;
				ASSETCATALOG_COMPILER_GLOBAL_ACCENT_COLOR_NAME = AccentColor;
				CODE_SIGN_STYLE = Automatic;
				CURRENT_PROJECT_VERSION = 1;
				DEVELOPMENT_ASSET_PATHS = "\"PATCOSchedule/Preview Content\"";
				ENABLE_PREVIEWS = YES;
				GENERATE_INFOPLIST_FILE = NO;
				INFOPLIST_FILE = PATCOSchedule/Info.plist;
				LD_RUNPATH_SEARCH_PATHS = (
					"$(inherited)",
					"@executable_path/Frameworks",
				);
				MARKETING_VERSION = 1.0;
				PRODUCT_BUNDLE_IDENTIFIER = com.patco.schedule;
				PRODUCT_NAME = "$(TARGET_NAME)";
				SWIFT_EMIT_LOC_STRINGS = YES;
				SWIFT_VERSION = 5.0;
				TARGETED_DEVICE_FAMILY = "1,2";
			};
			name = Release;
		};
		B90000010000000000000001 /* Debug */ = {
			isa = XCBuildConfiguration;
			buildSettings = {
				BUNDLE_LOADER = "$(TEST_HOST)";
				CODE_SIGN_STYLE = Automatic;
				CURRENT_PROJECT_VERSION = 1;
				GENERATE_INFOPLIST_FILE = YES;
				IPHONEOS_DEPLOYMENT_TARGET = 17.0;
				MARKETING_VERSION = 1.0;
				PRODUCT_BUNDLE_IDENTIFIER = com.patco.schedule.tests;
				PRODUCT_NAME = "$(TARGET_NAME)";
				SWIFT_EMIT_LOC_STRINGS = NO;
				SWIFT_VERSION = 5.0;
				TARGETED_DEVICE_FAMILY = "1,2";
				TEST_HOST = "$(BUILT_PRODUCTS_DIR)/PATCOSchedule.app/$(BUNDLE_EXECUTABLE_FOLDER_PATH)/PATCOSchedule";
			};
			name = Debug;
		};
		B90000020000000000000002 /* Release */ = {
			isa = XCBuildConfiguration;
			buildSettings = {
				BUNDLE_LOADER = "$(TEST_HOST)";
				CODE_SIGN_STYLE = Automatic;
				CURRENT_PROJECT_VERSION = 1;
				GENERATE_INFOPLIST_FILE = YES;
				IPHONEOS_DEPLOYMENT_TARGET = 17.0;
				MARKETING_VERSION = 1.0;
				PRODUCT_BUNDLE_IDENTIFIER = com.patco.schedule.tests;
				PRODUCT_NAME = "$(TARGET_NAME)";
				SWIFT_EMIT_LOC_STRINGS = NO;
				SWIFT_VERSION = 5.0;
				TARGETED_DEVICE_FAMILY = "1,2";
				TEST_HOST = "$(BUILT_PRODUCTS_DIR)/PATCOSchedule.app/$(BUNDLE_EXECUTABLE_FOLDER_PATH)/PATCOSchedule";
			};
			name = Release;
		};
		C90000010000000000000001 /* Debug */ = {
			isa = XCBuildConfiguration;
			buildSettings = {
				ASSETCATALOG_COMPILER_GLOBAL_ACCENT_COLOR_NAME = AccentColor;
				ASSETCATALOG_COMPILER_WIDGET_BACKGROUND_COLOR_NAME = WidgetBackground;
				CODE_SIGN_STYLE = Automatic;
				CURRENT_PROJECT_VERSION = 1;
				GENERATE_INFOPLIST_FILE = YES;
				INFOPLIST_FILE = PATCOWidgets/Info.plist;
				INFOPLIST_KEY_CFBundleDisplayName = PATCOWidgets;
				INFOPLIST_KEY_NSHumanReadableCopyright = "";
				LD_RUNPATH_SEARCH_PATHS = (
					"$(inherited)",
					"@executable_path/Frameworks",
					"@executable_path/../../Frameworks",
				);
				MARKETING_VERSION = 1.0;
				PRODUCT_BUNDLE_IDENTIFIER = com.patco.schedule.widgets;
				PRODUCT_NAME = "$(TARGET_NAME)";
				SKIP_INSTALL = YES;
				SWIFT_EMIT_LOC_STRINGS = YES;
				SWIFT_VERSION = 5.0;
				TARGETED_DEVICE_FAMILY = "1,2";
			};
			name = Debug;
		};
		C90000020000000000000002 /* Release */ = {
			isa = XCBuildConfiguration;
			buildSettings = {
				ASSETCATALOG_COMPILER_GLOBAL_ACCENT_COLOR_NAME = AccentColor;
				ASSETCATALOG_COMPILER_WIDGET_BACKGROUND_COLOR_NAME = WidgetBackground;
				CODE_SIGN_STYLE = Automatic;
				CURRENT_PROJECT_VERSION = 1;
				GENERATE_INFOPLIST_FILE = YES;
				INFOPLIST_FILE = PATCOWidgets/Info.plist;
				INFOPLIST_KEY_CFBundleDisplayName = PATCOWidgets;
				INFOPLIST_KEY_NSHumanReadableCopyright = "";
				LD_RUNPATH_SEARCH_PATHS = (
					"$(inherited)",
					"@executable_path/Frameworks",
					"@executable_path/../../Frameworks",
				);
				MARKETING_VERSION = 1.0;
				PRODUCT_BUNDLE_IDENTIFIER = com.patco.schedule.widgets;
				PRODUCT_NAME = "$(TARGET_NAME)";
				SKIP_INSTALL = YES;
				SWIFT_EMIT_LOC_STRINGS = YES;
				SWIFT_VERSION = 5.0;
				TARGETED_DEVICE_FAMILY = "1,2";
			};
			name = Release;
		};
/* End XCBuildConfiguration section */

/* Begin XCConfigurationList section */
		A70000010000000000000001 /* Build configuration list for PBXNativeTarget "PATCOSchedule" */ = {
			isa = XCConfigurationList;
			buildConfigurations = (
				A90000030000000000000003 /* Debug */,
				A90000040000000000000004 /* Release */,
			);
			defaultConfigurationIsVisible = 0;
			defaultConfigurationName = Release;
		};
		A70000020000000000000002 /* Build configuration list for PBXProject "PATCOSchedule" */ = {
			isa = XCConfigurationList;
			buildConfigurations = (
				A90000010000000000000001 /* Debug */,
				A90000020000000000000002 /* Release */,
			);
			defaultConfigurationIsVisible = 0;
			defaultConfigurationName = Release;
		};
		B70000010000000000000001 /* Build configuration list for PBXNativeTarget "PATCOScheduleTests" */ = {
			isa = XCConfigurationList;
			buildConfigurations = (
				B90000010000000000000001 /* Debug */,
				B90000020000000000000002 /* Release */,
			);
			defaultConfigurationIsVisible = 0;
			defaultConfigurationName = Release;
		};
		C70000010000000000000001 /* Build configuration list for PBXNativeTarget "PATCOWidgetsExtension" */ = {
			isa = XCConfigurationList;
			buildConfigurations = (
				C90000010000000000000001 /* Debug */,
				C90000020000000000000002 /* Release */,
			);
			defaultConfigurationIsVisible = 0;
			defaultConfigurationName = Release;
		};
/* End XCConfigurationList section */

/* Begin XCRemoteSwiftPackageReference section */
		D10000010000000000000001 /* XCRemoteSwiftPackageReference "swift-snapshot-testing" */ = {
			isa = XCRemoteSwiftPackageReference;
			repositoryURL = "https://github.com/pointfreeco/swift-snapshot-testing";
			requirement = {
				kind = upToNextMajorVersion;
				minimumVersion = 1.17.0;
			};
		};
/* End XCRemoteSwiftPackageReference section */

/* Begin XCSwiftPackageProductDependency section */
		D20000010000000000000001 /* SnapshotTesting */ = {
			isa = XCSwiftPackageProductDependency;
			package = D10000010000000000000001 /* XCRemoteSwiftPackageReference "swift-snapshot-testing" */;
			productName = SnapshotTesting;
		};
/* End XCSwiftPackageProductDependency section */
	};
	rootObject = A80000010000000000000001 /* Project object */;
}
